
Microsoft Visual Studio Solution File, Format Version 12.00
# Visual Studio 14
VisualStudioVersion = 14.0.23107.0
MinimumVisualStudioVersion = 10.0.40219.1
Project("{FAE04EC0-301F-11D3-BF4B-00C04F79EFBC}") = "ApiRepository", "ApiRepository\ApiRepository.csproj", "{E7867BAE-BD79-4BA7-9E11-52A2E45167F9}"
EndProject
Project("{FAE04EC0-301F-11D3-BF4B-00C04F79EFBC}") = "Repositorio", "Repositorio\Repositorio.csproj", "{FF204F9E-446F-47F0-9CB0-0BE89235BB69}"
EndProject
Global
	GlobalSection(SolutionConfigurationPlatforms) = preSolution
		Debug|Any CPU = Debug|Any CPU
		Release|Any CPU = Release|Any CPU
	EndGlobalSection
	GlobalSection(ProjectConfigurationPlatforms) = postSolution
		{E7867BAE-BD79-4BA7-9E11-52A2E45167F9}.Debug|Any CPU.ActiveCfg = Debug|Any CPU
		{E7867BAE-BD79-4BA7-9E11-52A2E45167F9}.Debug|Any CPU.Build.0 = Debug|Any CPU
		{E7867BAE-BD79-4BA7-9E11-52A2E45167F9}.Release|Any CPU.ActiveCfg = Release|Any CPU
		{E7867BAE-BD79-4BA7-9E11-52A2E45167F9}.Release|Any CPU.Build.0 = Release|Any CPU
		{FF204F9E-446F-47F0-9CB0-0BE89235BB69}.Debug|Any CPU.ActiveCfg = Debug|Any CPU
		{FF204F9E-446F-47F0-9CB0-0BE89235BB69}.Debug|Any CPU.Build.0 = Debug|Any CPU
		{FF204F9E-446F-47F0-9CB0-0BE89235BB69}.Release|Any CPU.ActiveCfg = Release|Any CPU
		{FF204F9E-446F-47F0-9CB0-0BE89235BB69}.Release|Any CPU.Build.0 = Release|Any CPU
	EndGlobalSection
	GlobalSection(SolutionProperties) = preSolution
		HideSolutionNode = FALSE
	EndGlobalSection
EndGlobal
